
Microsoft Visual Studio Solution File, Format Version 12.00
# Visual Studio Version 17
VisualStudioVersion = 17.3.32929.385
MinimumVisualStudioVersion = 10.0.40219.1
Project("{FAE04EC0-301F-11D3-BF4B-00C04F79EFBC}") = "ERS16", "ERS16.csproj", "{842FC1A6-08CD-472D-A1CB-BD4F1E5F0422}"
EndProject
Project("{FAE04EC0-301F-11D3-BF4B-00C04F79EFBC}") = "Client", "..\Client\Client.csproj", "{B15912CF-F9E3-4A72-BB35-3CB07D216948}"
EndProject
Global
	GlobalSection(SolutionConfigurationPlatforms) = preSolution
		Debug|Any CPU = Debug|Any CPU
		Release|Any CPU = Release|Any CPU
	EndGlobalSection
	GlobalSection(ProjectConfigurationPlatforms) = postSolution
		{842FC1A6-08CD-472D-A1CB-BD4F1E5F0422}.Debug|Any CPU.ActiveCfg = Debug|Any CPU
		{842FC1A6-08CD-472D-A1CB-BD4F1E5F0422}.Debug|Any CPU.Build.0 = Debug|Any CPU
		{842FC1A6-08CD-472D-A1CB-BD4F1E5F0422}.Release|Any CPU.ActiveCfg = Release|Any CPU
		{842FC1A6-08CD-472D-A1CB-BD4F1E5F0422}.Release|Any CPU.Build.0 = Release|Any CPU
		{B15912CF-F9E3-4A72-BB35-3CB07D216948}.Debug|Any CPU.ActiveCfg = Debug|Any CPU
		{B15912CF-F9E3-4A72-BB35-3CB07D216948}.Debug|Any CPU.Build.0 = Debug|Any CPU
		{B15912CF-F9E3-4A72-BB35-3CB07D216948}.Release|Any CPU.ActiveCfg = Release|Any CPU
		{B15912CF-F9E3-4A72-BB35-3CB07D216948}.Release|Any CPU.Build.0 = Release|Any CPU
	EndGlobalSection
	GlobalSection(SolutionProperties) = preSolution
		HideSolutionNode = FALSE
	EndGlobalSection
	GlobalSection(ExtensibilityGlobals) = postSolution
		SolutionGuid = {F56DD282-A678-4954-9EB1-3478C409D943}
	EndGlobalSection
EndGlobal
